{
  "originHash" : "fba5ad65f39b603de287743bde3ea31bc28e5be35747945b4e79a1c94b639be0",
  "pins" : [
    {
      "identity" : "swiftmusic",
      "kind" : "remoteSourceControl",
      "location" : "https://github.com/1amageek/SwiftMusic.git",
      "state" : {
        "revision" : "cc5d9d25b572068ed286f5869ee7a1a67c4b889b",
        "version" : "0.5.0"
      }
    }
  ],
  "version" : 3
}
