{
  "originHash" : "f0f7ef5751b229a99ea210e4d0860ab6a697c4024b4f03745bbc079f41b6ac5c",
  "pins" : [
    {
      "identity" : "swiftmusic",
      "kind" : "remoteSourceControl",
      "location" : "https://github.com/1amageek/SwiftMusic.git",
      "state" : {
        "revision" : "531a5cd4ec336db593518bbf50e7a0ad1e092e55",
        "version" : "0.4.0"
      }
    }
  ],
  "version" : 3
}
