{
  "originHash" : "375e7d90da92b7f097f2ee6385dbb803972c82e764f3508f1380f8ccfb6d986b",
  "pins" : [
    {
      "identity" : "swiftmusic",
      "kind" : "remoteSourceControl",
      "location" : "https://github.com/1amageek/SwiftMusic.git",
      "state" : {
        "revision" : "bffb25eed959906df81cbfb38f701e8b384ab476",
        "version" : "0.5.1"
      }
    }
  ],
  "version" : 3
}
